
Microsoft Visual Studio Solution File, Format Version 12.00
# Visual Studio 14
VisualStudioVersion = 14.0.23107.0
MinimumVisualStudioVersion = 10.0.40219.1
Project("{2150E333-8FDC-42A3-9474-1A3956D46DE8}") = "src", "src", "{3D02A30C-7A65-4CC2-9FE5-68CD6F931569}"
EndProject
Project("{2150E333-8FDC-42A3-9474-1A3956D46DE8}") = "test", "test", "{E6DBB469-508C-4267-9054-0D1320A7CCAC}"
EndProject
Project("{FAE04EC0-301F-11D3-BF4B-00C04F79EFBC}") = "Rinsen.IoT.OneWire", "src\Rinsen.IoT.OneWire\Rinsen.IoT.OneWire.csproj", "{E9E3A437-B521-4F5B-A90F-F8698C028231}"
EndProject
Project("{FAE04EC0-301F-11D3-BF4B-00C04F79EFBC}") = "OneWire", "sample\OneWire\OneWire.csproj", "{48B789B0-E612-4E01-9C4C-3E46F34D8F7D}"
EndProject
Project("{2150E333-8FDC-42A3-9474-1A3956D46DE8}") = "sample", "sample", "{9FFD6943-10E1-4D97-9FB2-5298086EE9CA}"
EndProject
Project("{2150E333-8FDC-42A3-9474-1A3956D46DE8}") = "Solution Items", "Solution Items", "{DFD0D9B9-EB5E-4B4E-B250-FAF8B9FCC1C2}"
	ProjectSection(SolutionItems) = preProject
		Rinsen.IoT.OneWire.nuspec = Rinsen.IoT.OneWire.nuspec
	EndProjectSection
EndProject
Project("{FAE04EC0-301F-11D3-BF4B-00C04F79EFBC}") = "Rinsen.IoT.OneWire.Tests", "Rinsen.IoT.OneWire.Tests\Rinsen.IoT.OneWire.Tests.csproj", "{5AB9E083-9E2D-4C6B-A41A-0EF142AF898F}"
EndProject
Global
	GlobalSection(SolutionConfigurationPlatforms) = preSolution
		Debug|Any CPU = Debug|Any CPU
		Debug|ARM = Debug|ARM
		Debug|x64 = Debug|x64
		Debug|x86 = Debug|x86
		Release|Any CPU = Release|Any CPU
		Release|ARM = Release|ARM
		Release|x64 = Release|x64
		Release|x86 = Release|x86
	EndGlobalSection
	GlobalSection(ProjectConfigurationPlatforms) = postSolution
		{E9E3A437-B521-4F5B-A90F-F8698C028231}.Debug|Any CPU.ActiveCfg = Debug|Any CPU
		{E9E3A437-B521-4F5B-A90F-F8698C028231}.Debug|Any CPU.Build.0 = Debug|Any CPU
		{E9E3A437-B521-4F5B-A90F-F8698C028231}.Debug|ARM.ActiveCfg = Debug|ARM
		{E9E3A437-B521-4F5B-A90F-F8698C028231}.Debug|ARM.Build.0 = Debug|ARM
		{E9E3A437-B521-4F5B-A90F-F8698C028231}.Debug|x64.ActiveCfg = Debug|x64
		{E9E3A437-B521-4F5B-A90F-F8698C028231}.Debug|x64.Build.0 = Debug|x64
		{E9E3A437-B521-4F5B-A90F-F8698C028231}.Debug|x86.ActiveCfg = Debug|x86
		{E9E3A437-B521-4F5B-A90F-F8698C028231}.Debug|x86.Build.0 = Debug|x86
		{E9E3A437-B521-4F5B-A90F-F8698C028231}.Release|Any CPU.ActiveCfg = Release|Any CPU
		{E9E3A437-B521-4F5B-A90F-F8698C028231}.Release|Any CPU.Build.0 = Release|Any CPU
		{E9E3A437-B521-4F5B-A90F-F8698C028231}.Release|ARM.ActiveCfg = Release|ARM
		{E9E3A437-B521-4F5B-A90F-F8698C028231}.Release|ARM.Build.0 = Release|ARM
		{E9E3A437-B521-4F5B-A90F-F8698C028231}.Release|x64.ActiveCfg = Release|x64
		{E9E3A437-B521-4F5B-A90F-F8698C028231}.Release|x64.Build.0 = Release|x64
		{E9E3A437-B521-4F5B-A90F-F8698C028231}.Release|x86.ActiveCfg = Release|x86
		{E9E3A437-B521-4F5B-A90F-F8698C028231}.Release|x86.Build.0 = Release|x86
		{48B789B0-E612-4E01-9C4C-3E46F34D8F7D}.Debug|Any CPU.ActiveCfg = Debug|x86
		{48B789B0-E612-4E01-9C4C-3E46F34D8F7D}.Debug|ARM.ActiveCfg = Debug|ARM
		{48B789B0-E612-4E01-9C4C-3E46F34D8F7D}.Debug|ARM.Build.0 = Debug|ARM
		{48B789B0-E612-4E01-9C4C-3E46F34D8F7D}.Debug|ARM.Deploy.0 = Debug|ARM
		{48B789B0-E612-4E01-9C4C-3E46F34D8F7D}.Debug|x64.ActiveCfg = Debug|x64
		{48B789B0-E612-4E01-9C4C-3E46F34D8F7D}.Debug|x64.Build.0 = Debug|x64
		{48B789B0-E612-4E01-9C4C-3E46F34D8F7D}.Debug|x64.Deploy.0 = Debug|x64
		{48B789B0-E612-4E01-9C4C-3E46F34D8F7D}.Debug|x86.ActiveCfg = Debug|x86
		{48B789B0-E612-4E01-9C4C-3E46F34D8F7D}.Debug|x86.Build.0 = Debug|x86
		{48B789B0-E612-4E01-9C4C-3E46F34D8F7D}.Debug|x86.Deploy.0 = Debug|x86
		{48B789B0-E612-4E01-9C4C-3E46F34D8F7D}.Release|Any CPU.ActiveCfg = Release|x86
		{48B789B0-E612-4E01-9C4C-3E46F34D8F7D}.Release|ARM.ActiveCfg = Release|ARM
		{48B789B0-E612-4E01-9C4C-3E46F34D8F7D}.Release|ARM.Build.0 = Release|ARM
		{48B789B0-E612-4E01-9C4C-3E46F34D8F7D}.Release|ARM.Deploy.0 = Release|ARM
		{48B789B0-E612-4E01-9C4C-3E46F34D8F7D}.Release|x64.ActiveCfg = Release|x64
		{48B789B0-E612-4E01-9C4C-3E46F34D8F7D}.Release|x64.Build.0 = Release|x64
		{48B789B0-E612-4E01-9C4C-3E46F34D8F7D}.Release|x64.Deploy.0 = Release|x64
		{48B789B0-E612-4E01-9C4C-3E46F34D8F7D}.Release|x86.ActiveCfg = Release|x86
		{48B789B0-E612-4E01-9C4C-3E46F34D8F7D}.Release|x86.Build.0 = Release|x86
		{48B789B0-E612-4E01-9C4C-3E46F34D8F7D}.Release|x86.Deploy.0 = Release|x86
		{5AB9E083-9E2D-4C6B-A41A-0EF142AF898F}.Debug|Any CPU.ActiveCfg = Debug|x86
		{5AB9E083-9E2D-4C6B-A41A-0EF142AF898F}.Debug|ARM.ActiveCfg = Debug|ARM
		{5AB9E083-9E2D-4C6B-A41A-0EF142AF898F}.Debug|ARM.Build.0 = Debug|ARM
		{5AB9E083-9E2D-4C6B-A41A-0EF142AF898F}.Debug|ARM.Deploy.0 = Debug|ARM
		{5AB9E083-9E2D-4C6B-A41A-0EF142AF898F}.Debug|x64.ActiveCfg = Debug|x64
		{5AB9E083-9E2D-4C6B-A41A-0EF142AF898F}.Debug|x64.Build.0 = Debug|x64
		{5AB9E083-9E2D-4C6B-A41A-0EF142AF898F}.Debug|x64.Deploy.0 = Debug|x64
		{5AB9E083-9E2D-4C6B-A41A-0EF142AF898F}.Debug|x86.ActiveCfg = Debug|x86
		{5AB9E083-9E2D-4C6B-A41A-0EF142AF898F}.Debug|x86.Build.0 = Debug|x86
		{5AB9E083-9E2D-4C6B-A41A-0EF142AF898F}.Debug|x86.Deploy.0 = Debug|x86
		{5AB9E083-9E2D-4C6B-A41A-0EF142AF898F}.Release|Any CPU.ActiveCfg = Release|x86
		{5AB9E083-9E2D-4C6B-A41A-0EF142AF898F}.Release|ARM.ActiveCfg = Release|ARM
		{5AB9E083-9E2D-4C6B-A41A-0EF142AF898F}.Release|ARM.Build.0 = Release|ARM
		{5AB9E083-9E2D-4C6B-A41A-0EF142AF898F}.Release|ARM.Deploy.0 = Release|ARM
		{5AB9E083-9E2D-4C6B-A41A-0EF142AF898F}.Release|x64.ActiveCfg = Release|x64
		{5AB9E083-9E2D-4C6B-A41A-0EF142AF898F}.Release|x64.Build.0 = Release|x64
		{5AB9E083-9E2D-4C6B-A41A-0EF142AF898F}.Release|x64.Deploy.0 = Release|x64
		{5AB9E083-9E2D-4C6B-A41A-0EF142AF898F}.Release|x86.ActiveCfg = Release|x86
		{5AB9E083-9E2D-4C6B-A41A-0EF142AF898F}.Release|x86.Build.0 = Release|x86
		{5AB9E083-9E2D-4C6B-A41A-0EF142AF898F}.Release|x86.Deploy.0 = Release|x86
	EndGlobalSection
	GlobalSection(SolutionProperties) = preSolution
		HideSolutionNode = FALSE
	EndGlobalSection
	GlobalSection(NestedProjects) = preSolution
		{E9E3A437-B521-4F5B-A90F-F8698C028231} = {3D02A30C-7A65-4CC2-9FE5-68CD6F931569}
		{48B789B0-E612-4E01-9C4C-3E46F34D8F7D} = {9FFD6943-10E1-4D97-9FB2-5298086EE9CA}
		{5AB9E083-9E2D-4C6B-A41A-0EF142AF898F} = {E6DBB469-508C-4267-9054-0D1320A7CCAC}
	EndGlobalSection
EndGlobal
